
Microsoft Visual Studio Solution File, Format Version 12.00
# Visual Studio Version 17
VisualStudioVersion = 17.1.32414.318
MinimumVisualStudioVersion = 10.0.40219.1
Project("{FAE04EC0-301F-11D3-BF4B-00C04F79EFBC}") = "La mia pizzeria", "La mia pizzeria\La mia pizzeria.csproj", "{35A4C0CF-96B3-4F63-B28B-9CA54E93EC7A}"
EndProject
Global
	GlobalSection(SolutionConfigurationPlatforms) = preSolution
		Debug|Any CPU = Debug|Any CPU
		Release|Any CPU = Release|Any CPU
	EndGlobalSection
	GlobalSection(ProjectConfigurationPlatforms) = postSolution
		{35A4C0CF-96B3-4F63-B28B-9CA54E93EC7A}.Debug|Any CPU.ActiveCfg = Debug|Any CPU
		{35A4C0CF-96B3-4F63-B28B-9CA54E93EC7A}.Debug|Any CPU.Build.0 = Debug|Any CPU
		{35A4C0CF-96B3-4F63-B28B-9CA54E93EC7A}.Release|Any CPU.ActiveCfg = Release|Any CPU
		{35A4C0CF-96B3-4F63-B28B-9CA54E93EC7A}.Release|Any CPU.Build.0 = Release|Any CPU
	EndGlobalSection
	GlobalSection(SolutionProperties) = preSolution
		HideSolutionNode = FALSE
	EndGlobalSection
	GlobalSection(ExtensibilityGlobals) = postSolution
		SolutionGuid = {CFA56B5C-2855-40F6-86F2-E7687DE0D6ED}
	EndGlobalSection
EndGlobal
